
Microsoft Visual Studio Solution File, Format Version 12.00
# Visual Studio 15
VisualStudioVersion = 15.0.28307.902
MinimumVisualStudioVersion = 10.0.40219.1
Project("{FAE04EC0-301F-11D3-BF4B-00C04F79EFBC}") = "ClimaTempo.Android", "ClimaTempo\ClimaTempo.Android\ClimaTempo.Android.csproj", "{A27C8A1F-BDC2-4A7A-A706-2786FCAF0269}"
EndProject
Project("{FAE04EC0-301F-11D3-BF4B-00C04F79EFBC}") = "ClimaTempo", "ClimaTempo\ClimaTempo\ClimaTempo.csproj", "{721C6B51-4F1D-4671-825A-06A545783820}"
EndProject
Global
	GlobalSection(SolutionConfigurationPlatforms) = preSolution
		Debug|Any CPU = Debug|Any CPU
		Release|Any CPU = Release|Any CPU
	EndGlobalSection
	GlobalSection(ProjectConfigurationPlatforms) = postSolution
		{A27C8A1F-BDC2-4A7A-A706-2786FCAF0269}.Debug|Any CPU.ActiveCfg = Debug|Any CPU
		{A27C8A1F-BDC2-4A7A-A706-2786FCAF0269}.Debug|Any CPU.Build.0 = Debug|Any CPU
		{A27C8A1F-BDC2-4A7A-A706-2786FCAF0269}.Debug|Any CPU.Deploy.0 = Debug|Any CPU
		{A27C8A1F-BDC2-4A7A-A706-2786FCAF0269}.Release|Any CPU.ActiveCfg = Release|Any CPU
		{A27C8A1F-BDC2-4A7A-A706-2786FCAF0269}.Release|Any CPU.Build.0 = Release|Any CPU
		{A27C8A1F-BDC2-4A7A-A706-2786FCAF0269}.Release|Any CPU.Deploy.0 = Release|Any CPU
		{721C6B51-4F1D-4671-825A-06A545783820}.Debug|Any CPU.ActiveCfg = Debug|Any CPU
		{721C6B51-4F1D-4671-825A-06A545783820}.Debug|Any CPU.Build.0 = Debug|Any CPU
		{721C6B51-4F1D-4671-825A-06A545783820}.Debug|Any CPU.Deploy.0 = Debug|Any CPU
		{721C6B51-4F1D-4671-825A-06A545783820}.Release|Any CPU.ActiveCfg = Release|Any CPU
		{721C6B51-4F1D-4671-825A-06A545783820}.Release|Any CPU.Build.0 = Release|Any CPU
		{721C6B51-4F1D-4671-825A-06A545783820}.Release|Any CPU.Deploy.0 = Release|Any CPU
	EndGlobalSection
	GlobalSection(SolutionProperties) = preSolution
		HideSolutionNode = FALSE
	EndGlobalSection
	GlobalSection(ExtensibilityGlobals) = postSolution
		SolutionGuid = {544AA751-4BF0-4CC8-93C8-7993D3ADDB6B}
	EndGlobalSection
EndGlobal
